
Microsoft Visual Studio Solution File, Format Version 12.00
# Visual Studio 14
VisualStudioVersion = 14.0.25420.1
MinimumVisualStudioVersion = 10.0.40219.1
Project("{FAE04EC0-301F-11D3-BF4B-00C04F79EFBC}") = "Apps.Web", "Apps.Web\Apps.Web.csproj", "{C6722598-ED56-408B-81AA-D3634159008D}"
EndProject
Project("{FAE04EC0-301F-11D3-BF4B-00C04F79EFBC}") = "Apps.Models", "Apps.Models\Apps.Models.csproj", "{54F6CD9E-178F-4240-8A67-33E79CB5F2C9}"
EndProject
Project("{FAE04EC0-301F-11D3-BF4B-00C04F79EFBC}") = "Apps.Common", "Apps.Common\Apps.Common.csproj", "{6847A12A-20B8-4902-A688-2866C716A1EC}"
EndProject
Project("{FAE04EC0-301F-11D3-BF4B-00C04F79EFBC}") = "Apps.BLL", "Apps.BLL\Apps.BLL.csproj", "{E4E6F8B0-636A-44E7-BEDB-1AC222CE47F2}"
EndProject
Project("{FAE04EC0-301F-11D3-BF4B-00C04F79EFBC}") = "Apps.IBLL", "Apps.IBLL\Apps.IBLL.csproj", "{D6C8A784-EC1D-4191-B7DF-EF0F46CADFC2}"
EndProject
Project("{FAE04EC0-301F-11D3-BF4B-00C04F79EFBC}") = "Apps.IDAL", "Apps.IDAL\Apps.IDAL.csproj", "{C713A4E3-BCC9-4C72-BA67-8323632D8AA1}"
EndProject
Project("{FAE04EC0-301F-11D3-BF4B-00C04F79EFBC}") = "Apps.DAL", "Apps.DAL\Apps.DAL.csproj", "{920CF227-4A18-44D2-A54A-38C88646D070}"
EndProject
Project("{FAE04EC0-301F-11D3-BF4B-00C04F79EFBC}") = "Apps.Core", "Apps.Core\Apps.Core.csproj", "{15C278DB-A77D-43A2-A5BC-B26F49B3977D}"
EndProject
Project("{FAE04EC0-301F-11D3-BF4B-00C04F79EFBC}") = "Apps.Locale", "Apps.Locale\Apps.Locale.csproj", "{A670269B-B46C-4C77-BE86-4BE2D26CD126}"
EndProject
Project("{FAE04EC0-301F-11D3-BF4B-00C04F79EFBC}") = "Apps.MIS.BLL", "Apps.MIS.BLL\Apps.MIS.BLL.csproj", "{D577017B-A8AD-48A8-946E-A36273074BBF}"
EndProject
Project("{FAE04EC0-301F-11D3-BF4B-00C04F79EFBC}") = "Apps.MIS.DAL", "Apps.MIS.DAL\Apps.MIS.DAL.csproj", "{B4016693-3EB4-49C5-9DD7-218FA8707EDE}"
EndProject
Project("{FAE04EC0-301F-11D3-BF4B-00C04F79EFBC}") = "Apps.MIS.IBLL", "Apps.MIS.IBLL\Apps.MIS.IBLL.csproj", "{B2294816-F6AF-4856-A84F-1D72A139AA75}"
EndProject
Project("{FAE04EC0-301F-11D3-BF4B-00C04F79EFBC}") = "Apps.MIS.IDAL", "Apps.MIS.IDAL\Apps.MIS.IDAL.csproj", "{05EB0B43-B248-4E6E-A603-18768179B7F6}"
EndProject
Project("{FAE04EC0-301F-11D3-BF4B-00C04F79EFBC}") = "Apps.DEF.BLL", "Apps.DEF.BLL\Apps.DEF.BLL.csproj", "{6A4088FB-AD29-4E5A-A053-2D1D7F8E028D}"
EndProject
Project("{FAE04EC0-301F-11D3-BF4B-00C04F79EFBC}") = "Apps.DEF.DAL", "Apps.DEF.DAL\Apps.DEF.DAL.csproj", "{80D6B1A5-C90A-42D2-943F-4A1E4849B041}"
EndProject
Project("{FAE04EC0-301F-11D3-BF4B-00C04F79EFBC}") = "Apps.DEF.IBLL", "Apps.DEF.IBLL\Apps.DEF.IBLL.csproj", "{C9B9E102-6649-42E9-838B-7E1E1C3093F7}"
EndProject
Project("{FAE04EC0-301F-11D3-BF4B-00C04F79EFBC}") = "Apps.DEF.IDAL", "Apps.DEF.IDAL\Apps.DEF.IDAL.csproj", "{FCB3AC6C-2B9D-45D6-882A-4F2971AD370B}"
EndProject
Project("{FAE04EC0-301F-11D3-BF4B-00C04F79EFBC}") = "Apps.Flow.BLL", "Apps.Flow.BLL\Apps.Flow.BLL.csproj", "{C1A4FBDC-1447-40A7-86EE-3972ABC866EA}"
EndProject
Project("{FAE04EC0-301F-11D3-BF4B-00C04F79EFBC}") = "Apps.Flow.DAL", "Apps.Flow.DAL\Apps.Flow.DAL.csproj", "{0CFFC6B0-6D2E-4258-A692-D9CD7B1C6212}"
EndProject
Project("{FAE04EC0-301F-11D3-BF4B-00C04F79EFBC}") = "Apps.Flow.IBLL", "Apps.Flow.IBLL\Apps.Flow.IBLL.csproj", "{335BFFB9-A612-49A2-957B-9398C4845F18}"
EndProject
Project("{FAE04EC0-301F-11D3-BF4B-00C04F79EFBC}") = "Apps.Flow.IDAL", "Apps.Flow.IDAL\Apps.Flow.IDAL.csproj", "{3B95D774-F83A-4106-8A15-668C5C73C8B8}"
EndProject
Project("{FAE04EC0-301F-11D3-BF4B-00C04F79EFBC}") = "Apps.Jobs", "Apps.Jobs\Apps.Jobs.csproj", "{6BE9CED4-24D9-48AF-AF4A-8DD380D7DFA1}"
EndProject
Project("{2150E333-8FDC-42A3-9474-1A3956D46DE8}") = "Apps.DEF", "Apps.DEF", "{780D4052-53A2-4A89-AF98-08B7E67090C2}"
EndProject
Project("{2150E333-8FDC-42A3-9474-1A3956D46DE8}") = "Apps.Flow", "Apps.Flow", "{E444ADDE-0926-40F4-B956-20BBEE330FC7}"
EndProject
Project("{2150E333-8FDC-42A3-9474-1A3956D46DE8}") = "Apps.MIS", "Apps.MIS", "{DF91CABB-843D-4C29-A91D-716DC651D19B}"
EndProject
Project("{2150E333-8FDC-42A3-9474-1A3956D46DE8}") = "Apps.Base", "Apps.Base", "{5887A95D-93D1-4CF2-BF3D-5C6CA6549D58}"
EndProject
Project("{FAE04EC0-301F-11D3-BF4B-00C04F79EFBC}") = "Apps.CodeHelper", "Apps.CodeHelper\Apps.CodeHelper.csproj", "{31FF69BF-0DCF-4D86-95AC-4B94B84DECD1}"
EndProject
Project("{2150E333-8FDC-42A3-9474-1A3956D46DE8}") = "Apps.Spl", "Apps.Spl", "{C0B632E9-526A-4885-87B6-E49E3987A9C5}"
EndProject
Project("{FAE04EC0-301F-11D3-BF4B-00C04F79EFBC}") = "Apps.Spl.IBLL", "Apps.Spl.IBLL\Apps.Spl.IBLL.csproj", "{8FC51389-7F60-440D-8142-B9FB08BAC8A8}"
EndProject
Project("{FAE04EC0-301F-11D3-BF4B-00C04F79EFBC}") = "Apps.Spl.BLL", "Apps.Spl.BLL\Apps.Spl.BLL.csproj", "{F9528C59-A93A-4301-BECE-932695EEF50A}"
EndProject
Project("{FAE04EC0-301F-11D3-BF4B-00C04F79EFBC}") = "Apps.Spl.IDAL", "Apps.Spl.IDAL\Apps.Spl.IDAL.csproj", "{15A8CD80-AF62-41E3-BD3A-DFC8BD9FC339}"
EndProject
Project("{FAE04EC0-301F-11D3-BF4B-00C04F79EFBC}") = "Apps.Spl.DAL", "Apps.Spl.DAL\Apps.Spl.DAL.csproj", "{296CDF05-5737-4562-AF0D-ED686F76DEB5}"
EndProject
Project("{FAE04EC0-301F-11D3-BF4B-00C04F79EFBC}") = "Apps.EncryptHelper", "Apps.EncryptHelper\Apps.EncryptHelper.csproj", "{997950C8-E2EC-498B-A26B-D650514EB34A}"
EndProject
Project("{2150E333-8FDC-42A3-9474-1A3956D46DE8}") = "Apps.Helper", "Apps.Helper", "{9CD0812F-624E-4DD1-BAC8-A5B9F313600E}"
EndProject
Project("{FAE04EC0-301F-11D3-BF4B-00C04F79EFBC}") = "Apps.WebApi", "Apps.WebApi\Apps.WebApi.csproj", "{D5F0F984-6DA6-4B08-A27D-D1F0C4133A95}"
EndProject
Project("{2150E333-8FDC-42A3-9474-1A3956D46DE8}") = "Apps.WC", "Apps.WC", "{697A56F6-CDB7-44FC-9927-C884447B3393}"
EndProject
Project("{FAE04EC0-301F-11D3-BF4B-00C04F79EFBC}") = "Apps.WC.BLL", "Apps.WC.BLL\Apps.WC.BLL.csproj", "{139F0F35-AD1C-4559-BEBA-B9735A57D429}"
EndProject
Project("{FAE04EC0-301F-11D3-BF4B-00C04F79EFBC}") = "Apps.WC.IBLL", "Apps.WC.IBLL\Apps.WC.IBLL.csproj", "{8DBE9B47-8F31-4834-858C-201F90CF0A60}"
EndProject
Project("{FAE04EC0-301F-11D3-BF4B-00C04F79EFBC}") = "Apps.WC.DAL", "Apps.WC.DAL\Apps.WC.DAL.csproj", "{8C08C21A-538E-4860-AB10-04C03B661C42}"
EndProject
Project("{FAE04EC0-301F-11D3-BF4B-00C04F79EFBC}") = "Apps.WC.IDAL", "Apps.WC.IDAL\Apps.WC.IDAL.csproj", "{3A1E7107-5333-4030-B0D1-2C35F4524736}"
EndProject
Project("{2150E333-8FDC-42A3-9474-1A3956D46DE8}") = "Apps.Module", "Apps.Module", "{43ADCCA1-923C-4897-ACDB-C5A6245AE35D}"
EndProject
Global
	GlobalSection(SubversionScc) = preSolution
		Svn-Managed = True
		Manager = AnkhSVN - Subversion Support for Visual Studio
	EndGlobalSection
	GlobalSection(SolutionConfigurationPlatforms) = preSolution
		Debug|Any CPU = Debug|Any CPU
		Release|Any CPU = Release|Any CPU
	EndGlobalSection
	GlobalSection(ProjectConfigurationPlatforms) = postSolution
		{C6722598-ED56-408B-81AA-D3634159008D}.Debug|Any CPU.ActiveCfg = Debug|Any CPU
		{C6722598-ED56-408B-81AA-D3634159008D}.Debug|Any CPU.Build.0 = Debug|Any CPU
		{C6722598-ED56-408B-81AA-D3634159008D}.Release|Any CPU.ActiveCfg = Release|Any CPU
		{C6722598-ED56-408B-81AA-D3634159008D}.Release|Any CPU.Build.0 = Release|Any CPU
		{54F6CD9E-178F-4240-8A67-33E79CB5F2C9}.Debug|Any CPU.ActiveCfg = Debug|Any CPU
		{54F6CD9E-178F-4240-8A67-33E79CB5F2C9}.Debug|Any CPU.Build.0 = Debug|Any CPU
		{54F6CD9E-178F-4240-8A67-33E79CB5F2C9}.Release|Any CPU.ActiveCfg = Release|Any CPU
		{54F6CD9E-178F-4240-8A67-33E79CB5F2C9}.Release|Any CPU.Build.0 = Release|Any CPU
		{6847A12A-20B8-4902-A688-2866C716A1EC}.Debug|Any CPU.ActiveCfg = Debug|Any CPU
		{6847A12A-20B8-4902-A688-2866C716A1EC}.Debug|Any CPU.Build.0 = Debug|Any CPU
		{6847A12A-20B8-4902-A688-2866C716A1EC}.Release|Any CPU.ActiveCfg = Release|Any CPU
		{6847A12A-20B8-4902-A688-2866C716A1EC}.Release|Any CPU.Build.0 = Release|Any CPU
		{E4E6F8B0-636A-44E7-BEDB-1AC222CE47F2}.Debug|Any CPU.ActiveCfg = Debug|Any CPU
		{E4E6F8B0-636A-44E7-BEDB-1AC222CE47F2}.Debug|Any CPU.Build.0 = Debug|Any CPU
		{E4E6F8B0-636A-44E7-BEDB-1AC222CE47F2}.Release|Any CPU.ActiveCfg = Release|Any CPU
		{E4E6F8B0-636A-44E7-BEDB-1AC222CE47F2}.Release|Any CPU.Build.0 = Release|Any CPU
		{D6C8A784-EC1D-4191-B7DF-EF0F46CADFC2}.Debug|Any CPU.ActiveCfg = Debug|Any CPU
		{D6C8A784-EC1D-4191-B7DF-EF0F46CADFC2}.Debug|Any CPU.Build.0 = Debug|Any CPU
		{D6C8A784-EC1D-4191-B7DF-EF0F46CADFC2}.Release|Any CPU.ActiveCfg = Release|Any CPU
		{D6C8A784-EC1D-4191-B7DF-EF0F46CADFC2}.Release|Any CPU.Build.0 = Release|Any CPU
		{C713A4E3-BCC9-4C72-BA67-8323632D8AA1}.Debug|Any CPU.ActiveCfg = Debug|Any CPU
		{C713A4E3-BCC9-4C72-BA67-8323632D8AA1}.Debug|Any CPU.Build.0 = Debug|Any CPU
		{C713A4E3-BCC9-4C72-BA67-8323632D8AA1}.Release|Any CPU.ActiveCfg = Release|Any CPU
		{C713A4E3-BCC9-4C72-BA67-8323632D8AA1}.Release|Any CPU.Build.0 = Release|Any CPU
		{920CF227-4A18-44D2-A54A-38C88646D070}.Debug|Any CPU.ActiveCfg = Debug|Any CPU
		{920CF227-4A18-44D2-A54A-38C88646D070}.Debug|Any CPU.Build.0 = Debug|Any CPU
		{920CF227-4A18-44D2-A54A-38C88646D070}.Release|Any CPU.ActiveCfg = Release|Any CPU
		{920CF227-4A18-44D2-A54A-38C88646D070}.Release|Any CPU.Build.0 = Release|Any CPU
		{15C278DB-A77D-43A2-A5BC-B26F49B3977D}.Debug|Any CPU.ActiveCfg = Debug|Any CPU
		{15C278DB-A77D-43A2-A5BC-B26F49B3977D}.Debug|Any CPU.Build.0 = Debug|Any CPU
		{15C278DB-A77D-43A2-A5BC-B26F49B3977D}.Release|Any CPU.ActiveCfg = Release|Any CPU
		{15C278DB-A77D-43A2-A5BC-B26F49B3977D}.Release|Any CPU.Build.0 = Release|Any CPU
		{A670269B-B46C-4C77-BE86-4BE2D26CD126}.Debug|Any CPU.ActiveCfg = Debug|Any CPU
		{A670269B-B46C-4C77-BE86-4BE2D26CD126}.Debug|Any CPU.Build.0 = Debug|Any CPU
		{A670269B-B46C-4C77-BE86-4BE2D26CD126}.Release|Any CPU.ActiveCfg = Release|Any CPU
		{A670269B-B46C-4C77-BE86-4BE2D26CD126}.Release|Any CPU.Build.0 = Release|Any CPU
		{D577017B-A8AD-48A8-946E-A36273074BBF}.Debug|Any CPU.ActiveCfg = Debug|Any CPU
		{D577017B-A8AD-48A8-946E-A36273074BBF}.Debug|Any CPU.Build.0 = Debug|Any CPU
		{D577017B-A8AD-48A8-946E-A36273074BBF}.Release|Any CPU.ActiveCfg = Release|Any CPU
		{D577017B-A8AD-48A8-946E-A36273074BBF}.Release|Any CPU.Build.0 = Release|Any CPU
		{B4016693-3EB4-49C5-9DD7-218FA8707EDE}.Debug|Any CPU.ActiveCfg = Debug|Any CPU
		{B4016693-3EB4-49C5-9DD7-218FA8707EDE}.Debug|Any CPU.Build.0 = Debug|Any CPU
		{B4016693-3EB4-49C5-9DD7-218FA8707EDE}.Release|Any CPU.ActiveCfg = Release|Any CPU
		{B4016693-3EB4-49C5-9DD7-218FA8707EDE}.Release|Any CPU.Build.0 = Release|Any CPU
		{B2294816-F6AF-4856-A84F-1D72A139AA75}.Debug|Any CPU.ActiveCfg = Debug|Any CPU
		{B2294816-F6AF-4856-A84F-1D72A139AA75}.Debug|Any CPU.Build.0 = Debug|Any CPU
		{B2294816-F6AF-4856-A84F-1D72A139AA75}.Release|Any CPU.ActiveCfg = Release|Any CPU
		{B2294816-F6AF-4856-A84F-1D72A139AA75}.Release|Any CPU.Build.0 = Release|Any CPU
		{05EB0B43-B248-4E6E-A603-18768179B7F6}.Debug|Any CPU.ActiveCfg = Debug|Any CPU
		{05EB0B43-B248-4E6E-A603-18768179B7F6}.Debug|Any CPU.Build.0 = Debug|Any CPU
		{05EB0B43-B248-4E6E-A603-18768179B7F6}.Release|Any CPU.ActiveCfg = Release|Any CPU
		{05EB0B43-B248-4E6E-A603-18768179B7F6}.Release|Any CPU.Build.0 = Release|Any CPU
		{6A4088FB-AD29-4E5A-A053-2D1D7F8E028D}.Debug|Any CPU.ActiveCfg = Debug|Any CPU
		{6A4088FB-AD29-4E5A-A053-2D1D7F8E028D}.Debug|Any CPU.Build.0 = Debug|Any CPU
		{6A4088FB-AD29-4E5A-A053-2D1D7F8E028D}.Release|Any CPU.ActiveCfg = Release|Any CPU
		{6A4088FB-AD29-4E5A-A053-2D1D7F8E028D}.Release|Any CPU.Build.0 = Release|Any CPU
		{80D6B1A5-C90A-42D2-943F-4A1E4849B041}.Debug|Any CPU.ActiveCfg = Debug|Any CPU
		{80D6B1A5-C90A-42D2-943F-4A1E4849B041}.Debug|Any CPU.Build.0 = Debug|Any CPU
		{80D6B1A5-C90A-42D2-943F-4A1E4849B041}.Release|Any CPU.ActiveCfg = Release|Any CPU
		{80D6B1A5-C90A-42D2-943F-4A1E4849B041}.Release|Any CPU.Build.0 = Release|Any CPU
		{C9B9E102-6649-42E9-838B-7E1E1C3093F7}.Debug|Any CPU.ActiveCfg = Debug|Any CPU
		{C9B9E102-6649-42E9-838B-7E1E1C3093F7}.Debug|Any CPU.Build.0 = Debug|Any CPU
		{C9B9E102-6649-42E9-838B-7E1E1C3093F7}.Release|Any CPU.ActiveCfg = Release|Any CPU
		{C9B9E102-6649-42E9-838B-7E1E1C3093F7}.Release|Any CPU.Build.0 = Release|Any CPU
		{FCB3AC6C-2B9D-45D6-882A-4F2971AD370B}.Debug|Any CPU.ActiveCfg = Debug|Any CPU
		{FCB3AC6C-2B9D-45D6-882A-4F2971AD370B}.Debug|Any CPU.Build.0 = Debug|Any CPU
		{FCB3AC6C-2B9D-45D6-882A-4F2971AD370B}.Release|Any CPU.ActiveCfg = Release|Any CPU
		{FCB3AC6C-2B9D-45D6-882A-4F2971AD370B}.Release|Any CPU.Build.0 = Release|Any CPU
		{C1A4FBDC-1447-40A7-86EE-3972ABC866EA}.Debug|Any CPU.ActiveCfg = Debug|Any CPU
		{C1A4FBDC-1447-40A7-86EE-3972ABC866EA}.Debug|Any CPU.Build.0 = Debug|Any CPU
		{C1A4FBDC-1447-40A7-86EE-3972ABC866EA}.Release|Any CPU.ActiveCfg = Release|Any CPU
		{C1A4FBDC-1447-40A7-86EE-3972ABC866EA}.Release|Any CPU.Build.0 = Release|Any CPU
		{0CFFC6B0-6D2E-4258-A692-D9CD7B1C6212}.Debug|Any CPU.ActiveCfg = Debug|Any CPU
		{0CFFC6B0-6D2E-4258-A692-D9CD7B1C6212}.Debug|Any CPU.Build.0 = Debug|Any CPU
		{0CFFC6B0-6D2E-4258-A692-D9CD7B1C6212}.Release|Any CPU.ActiveCfg = Release|Any CPU
		{0CFFC6B0-6D2E-4258-A692-D9CD7B1C6212}.Release|Any CPU.Build.0 = Release|Any CPU
		{335BFFB9-A612-49A2-957B-9398C4845F18}.Debug|Any CPU.ActiveCfg = Debug|Any CPU
		{335BFFB9-A612-49A2-957B-9398C4845F18}.Debug|Any CPU.Build.0 = Debug|Any CPU
		{335BFFB9-A612-49A2-957B-9398C4845F18}.Release|Any CPU.ActiveCfg = Release|Any CPU
		{335BFFB9-A612-49A2-957B-9398C4845F18}.Release|Any CPU.Build.0 = Release|Any CPU
		{3B95D774-F83A-4106-8A15-668C5C73C8B8}.Debug|Any CPU.ActiveCfg = Debug|Any CPU
		{3B95D774-F83A-4106-8A15-668C5C73C8B8}.Debug|Any CPU.Build.0 = Debug|Any CPU
		{3B95D774-F83A-4106-8A15-668C5C73C8B8}.Release|Any CPU.ActiveCfg = Release|Any CPU
		{3B95D774-F83A-4106-8A15-668C5C73C8B8}.Release|Any CPU.Build.0 = Release|Any CPU
		{6BE9CED4-24D9-48AF-AF4A-8DD380D7DFA1}.Debug|Any CPU.ActiveCfg = Debug|Any CPU
		{6BE9CED4-24D9-48AF-AF4A-8DD380D7DFA1}.Debug|Any CPU.Build.0 = Debug|Any CPU
		{6BE9CED4-24D9-48AF-AF4A-8DD380D7DFA1}.Release|Any CPU.ActiveCfg = Release|Any CPU
		{6BE9CED4-24D9-48AF-AF4A-8DD380D7DFA1}.Release|Any CPU.Build.0 = Release|Any CPU
		{31FF69BF-0DCF-4D86-95AC-4B94B84DECD1}.Debug|Any CPU.ActiveCfg = Debug|Any CPU
		{31FF69BF-0DCF-4D86-95AC-4B94B84DECD1}.Debug|Any CPU.Build.0 = Debug|Any CPU
		{31FF69BF-0DCF-4D86-95AC-4B94B84DECD1}.Release|Any CPU.ActiveCfg = Release|Any CPU
		{31FF69BF-0DCF-4D86-95AC-4B94B84DECD1}.Release|Any CPU.Build.0 = Release|Any CPU
		{8FC51389-7F60-440D-8142-B9FB08BAC8A8}.Debug|Any CPU.ActiveCfg = Debug|Any CPU
		{8FC51389-7F60-440D-8142-B9FB08BAC8A8}.Debug|Any CPU.Build.0 = Debug|Any CPU
		{8FC51389-7F60-440D-8142-B9FB08BAC8A8}.Release|Any CPU.ActiveCfg = Release|Any CPU
		{8FC51389-7F60-440D-8142-B9FB08BAC8A8}.Release|Any CPU.Build.0 = Release|Any CPU
		{F9528C59-A93A-4301-BECE-932695EEF50A}.Debug|Any CPU.ActiveCfg = Debug|Any CPU
		{F9528C59-A93A-4301-BECE-932695EEF50A}.Debug|Any CPU.Build.0 = Debug|Any CPU
		{F9528C59-A93A-4301-BECE-932695EEF50A}.Release|Any CPU.ActiveCfg = Release|Any CPU
		{F9528C59-A93A-4301-BECE-932695EEF50A}.Release|Any CPU.Build.0 = Release|Any CPU
		{15A8CD80-AF62-41E3-BD3A-DFC8BD9FC339}.Debug|Any CPU.ActiveCfg = Debug|Any CPU
		{15A8CD80-AF62-41E3-BD3A-DFC8BD9FC339}.Debug|Any CPU.Build.0 = Debug|Any CPU
		{15A8CD80-AF62-41E3-BD3A-DFC8BD9FC339}.Release|Any CPU.ActiveCfg = Release|Any CPU
		{15A8CD80-AF62-41E3-BD3A-DFC8BD9FC339}.Release|Any CPU.Build.0 = Release|Any CPU
		{296CDF05-5737-4562-AF0D-ED686F76DEB5}.Debug|Any CPU.ActiveCfg = Debug|Any CPU
		{296CDF05-5737-4562-AF0D-ED686F76DEB5}.Debug|Any CPU.Build.0 = Debug|Any CPU
		{296CDF05-5737-4562-AF0D-ED686F76DEB5}.Release|Any CPU.ActiveCfg = Release|Any CPU
		{296CDF05-5737-4562-AF0D-ED686F76DEB5}.Release|Any CPU.Build.0 = Release|Any CPU
		{997950C8-E2EC-498B-A26B-D650514EB34A}.Debug|Any CPU.ActiveCfg = Debug|Any CPU
		{997950C8-E2EC-498B-A26B-D650514EB34A}.Debug|Any CPU.Build.0 = Debug|Any CPU
		{997950C8-E2EC-498B-A26B-D650514EB34A}.Release|Any CPU.ActiveCfg = Release|Any CPU
		{997950C8-E2EC-498B-A26B-D650514EB34A}.Release|Any CPU.Build.0 = Release|Any CPU
		{D5F0F984-6DA6-4B08-A27D-D1F0C4133A95}.Debug|Any CPU.ActiveCfg = Debug|Any CPU
		{D5F0F984-6DA6-4B08-A27D-D1F0C4133A95}.Debug|Any CPU.Build.0 = Debug|Any CPU
		{D5F0F984-6DA6-4B08-A27D-D1F0C4133A95}.Release|Any CPU.ActiveCfg = Release|Any CPU
		{D5F0F984-6DA6-4B08-A27D-D1F0C4133A95}.Release|Any CPU.Build.0 = Release|Any CPU
		{139F0F35-AD1C-4559-BEBA-B9735A57D429}.Debug|Any CPU.ActiveCfg = Debug|Any CPU
		{139F0F35-AD1C-4559-BEBA-B9735A57D429}.Debug|Any CPU.Build.0 = Debug|Any CPU
		{139F0F35-AD1C-4559-BEBA-B9735A57D429}.Release|Any CPU.ActiveCfg = Release|Any CPU
		{139F0F35-AD1C-4559-BEBA-B9735A57D429}.Release|Any CPU.Build.0 = Release|Any CPU
		{8DBE9B47-8F31-4834-858C-201F90CF0A60}.Debug|Any CPU.ActiveCfg = Debug|Any CPU
		{8DBE9B47-8F31-4834-858C-201F90CF0A60}.Debug|Any CPU.Build.0 = Debug|Any CPU
		{8DBE9B47-8F31-4834-858C-201F90CF0A60}.Release|Any CPU.ActiveCfg = Release|Any CPU
		{8DBE9B47-8F31-4834-858C-201F90CF0A60}.Release|Any CPU.Build.0 = Release|Any CPU
		{8C08C21A-538E-4860-AB10-04C03B661C42}.Debug|Any CPU.ActiveCfg = Debug|Any CPU
		{8C08C21A-538E-4860-AB10-04C03B661C42}.Debug|Any CPU.Build.0 = Debug|Any CPU
		{8C08C21A-538E-4860-AB10-04C03B661C42}.Release|Any CPU.ActiveCfg = Release|Any CPU
		{8C08C21A-538E-4860-AB10-04C03B661C42}.Release|Any CPU.Build.0 = Release|Any CPU
		{3A1E7107-5333-4030-B0D1-2C35F4524736}.Debug|Any CPU.ActiveCfg = Debug|Any CPU
		{3A1E7107-5333-4030-B0D1-2C35F4524736}.Debug|Any CPU.Build.0 = Debug|Any CPU
		{3A1E7107-5333-4030-B0D1-2C35F4524736}.Release|Any CPU.ActiveCfg = Release|Any CPU
		{3A1E7107-5333-4030-B0D1-2C35F4524736}.Release|Any CPU.Build.0 = Release|Any CPU
	EndGlobalSection
	GlobalSection(SolutionProperties) = preSolution
		HideSolutionNode = FALSE
	EndGlobalSection
	GlobalSection(NestedProjects) = preSolution
		{E4E6F8B0-636A-44E7-BEDB-1AC222CE47F2} = {5887A95D-93D1-4CF2-BF3D-5C6CA6549D58}
		{D6C8A784-EC1D-4191-B7DF-EF0F46CADFC2} = {5887A95D-93D1-4CF2-BF3D-5C6CA6549D58}
		{C713A4E3-BCC9-4C72-BA67-8323632D8AA1} = {5887A95D-93D1-4CF2-BF3D-5C6CA6549D58}
		{920CF227-4A18-44D2-A54A-38C88646D070} = {5887A95D-93D1-4CF2-BF3D-5C6CA6549D58}
		{D577017B-A8AD-48A8-946E-A36273074BBF} = {DF91CABB-843D-4C29-A91D-716DC651D19B}
		{B4016693-3EB4-49C5-9DD7-218FA8707EDE} = {DF91CABB-843D-4C29-A91D-716DC651D19B}
		{B2294816-F6AF-4856-A84F-1D72A139AA75} = {DF91CABB-843D-4C29-A91D-716DC651D19B}
		{05EB0B43-B248-4E6E-A603-18768179B7F6} = {DF91CABB-843D-4C29-A91D-716DC651D19B}
		{6A4088FB-AD29-4E5A-A053-2D1D7F8E028D} = {780D4052-53A2-4A89-AF98-08B7E67090C2}
		{80D6B1A5-C90A-42D2-943F-4A1E4849B041} = {780D4052-53A2-4A89-AF98-08B7E67090C2}
		{C9B9E102-6649-42E9-838B-7E1E1C3093F7} = {780D4052-53A2-4A89-AF98-08B7E67090C2}
		{FCB3AC6C-2B9D-45D6-882A-4F2971AD370B} = {780D4052-53A2-4A89-AF98-08B7E67090C2}
		{C1A4FBDC-1447-40A7-86EE-3972ABC866EA} = {E444ADDE-0926-40F4-B956-20BBEE330FC7}
		{0CFFC6B0-6D2E-4258-A692-D9CD7B1C6212} = {E444ADDE-0926-40F4-B956-20BBEE330FC7}
		{335BFFB9-A612-49A2-957B-9398C4845F18} = {E444ADDE-0926-40F4-B956-20BBEE330FC7}
		{3B95D774-F83A-4106-8A15-668C5C73C8B8} = {E444ADDE-0926-40F4-B956-20BBEE330FC7}
		{780D4052-53A2-4A89-AF98-08B7E67090C2} = {43ADCCA1-923C-4897-ACDB-C5A6245AE35D}
		{E444ADDE-0926-40F4-B956-20BBEE330FC7} = {43ADCCA1-923C-4897-ACDB-C5A6245AE35D}
		{DF91CABB-843D-4C29-A91D-716DC651D19B} = {43ADCCA1-923C-4897-ACDB-C5A6245AE35D}
		{31FF69BF-0DCF-4D86-95AC-4B94B84DECD1} = {9CD0812F-624E-4DD1-BAC8-A5B9F313600E}
		{C0B632E9-526A-4885-87B6-E49E3987A9C5} = {43ADCCA1-923C-4897-ACDB-C5A6245AE35D}
		{8FC51389-7F60-440D-8142-B9FB08BAC8A8} = {C0B632E9-526A-4885-87B6-E49E3987A9C5}
		{F9528C59-A93A-4301-BECE-932695EEF50A} = {C0B632E9-526A-4885-87B6-E49E3987A9C5}
		{15A8CD80-AF62-41E3-BD3A-DFC8BD9FC339} = {C0B632E9-526A-4885-87B6-E49E3987A9C5}
		{296CDF05-5737-4562-AF0D-ED686F76DEB5} = {C0B632E9-526A-4885-87B6-E49E3987A9C5}
		{997950C8-E2EC-498B-A26B-D650514EB34A} = {9CD0812F-624E-4DD1-BAC8-A5B9F313600E}
		{9CD0812F-624E-4DD1-BAC8-A5B9F313600E} = {43ADCCA1-923C-4897-ACDB-C5A6245AE35D}
		{697A56F6-CDB7-44FC-9927-C884447B3393} = {43ADCCA1-923C-4897-ACDB-C5A6245AE35D}
		{139F0F35-AD1C-4559-BEBA-B9735A57D429} = {697A56F6-CDB7-44FC-9927-C884447B3393}
		{8DBE9B47-8F31-4834-858C-201F90CF0A60} = {697A56F6-CDB7-44FC-9927-C884447B3393}
		{8C08C21A-538E-4860-AB10-04C03B661C42} = {697A56F6-CDB7-44FC-9927-C884447B3393}
		{3A1E7107-5333-4030-B0D1-2C35F4524736} = {697A56F6-CDB7-44FC-9927-C884447B3393}
	EndGlobalSection
	GlobalSection(ExtensibilityGlobals) = postSolution
		VisualSVNWorkingCopyRoot = .
	EndGlobalSection
EndGlobal
